{
  "lockfile_version": "1",
  "packages": {
    "docker-compose@2.26.1": {
      "last_modified": "2024-04-19T17:36:04-04:00",
      "resolved": "github:NixOS/nixpkgs/92d295f588631b0db2da509f381b4fb1e74173c5#docker-compose",
      "source": "devbox-search",
      "version": "2.26.1",
      "systems": {
        "aarch64-darwin": {
          "outputs": [
            {
              "name": "out",
              "path": "/nix/store/vzf0m7fmrahv7ag80vpmsg6il3gdpdvh-docker-compose-2.26.1",
              "default": true
            }
          ],
          "store_path": "/nix/store/vzf0m7fmrahv7ag80vpmsg6il3gdpdvh-docker-compose-2.26.1"
        },
        "aarch64-linux": {
          "outputs": [
            {
              "name": "out",
              "path": "/nix/store/ja7132xnw5lzz8qvxmq44b4hkfi42rfy-docker-compose-2.26.1",
              "default": true
            }
          ],
          "store_path": "/nix/store/ja7132xnw5lzz8qvxmq44b4hkfi42rfy-docker-compose-2.26.1"
        },
        "x86_64-darwin": {
          "outputs": [
            {
              "name": "out",
              "path": "/nix/store/7bjrsgdh3h37909gg8vlh09aqamjsshx-docker-compose-2.26.1",
              "default": true
            }
          ],
          "store_path": "/nix/store/7bjrsgdh3h37909gg8vlh09aqamjsshx-docker-compose-2.26.1"
        },
        "x86_64-linux": {
          "outputs": [
            {
              "name": "out",
              "path": "/nix/store/mn13vcxl4nd6yx4968simkpfrpxypxbn-docker-compose-2.26.1",
              "default": true
            }
          ],
          "store_path": "/nix/store/mn13vcxl4nd6yx4968simkpfrpxypxbn-docker-compose-2.26.1"
        }
      }
    },
    "jdk@21": {
      "last_modified": "2024-04-19T17:36:04-04:00",
      "resolved": "github:NixOS/nixpkgs/92d295f588631b0db2da509f381b4fb1e74173c5#jdk",
      "source": "devbox-search",
      "version": "21+35",
      "systems": {
        "aarch64-linux": {
          "outputs": [
            {
              "name": "out",
              "path": "/nix/store/idsyp6qg4qlf2symkynw493wi8b9f6zr-openjdk-21+35",
              "default": true
            },
            {
              "name": "debug",
              "path": "/nix/store/w155nhrpqqxqcz3lpnqqf922k4ywbhjr-openjdk-21+35-debug"
            }
          ],
          "store_path": "/nix/store/idsyp6qg4qlf2symkynw493wi8b9f6zr-openjdk-21+35"
        },
        "x86_64-linux": {
          "outputs": [
            {
              "name": "out",
              "path": "/nix/store/w0jdfkacnzn1ijckp8h822nxi93vcp61-openjdk-21+35",
              "default": true
            },
            {
              "name": "debug",
              "path": "/nix/store/0rzx48hsi985dc6iwr350vpd2asvsz4b-openjdk-21+35-debug"
            }
          ],
          "store_path": "/nix/store/w0jdfkacnzn1ijckp8h822nxi93vcp61-openjdk-21+35"
        }
      }
    },
    "jq@latest": {
      "last_modified": "2024-04-28T10:22:29-04:00",
      "resolved": "github:NixOS/nixpkgs/cf8cc1201be8bc71b7cbbbdaf349b22f4f99c7ae#jq",
      "source": "devbox-search",
      "version": "1.7.1",
      "systems": {
        "aarch64-darwin": {
          "outputs": [
            {
              "name": "bin",
              "path": "/nix/store/cpd390lw7hzsbvsq02d3prxjyj987ykg-jq-1.7.1-bin",
              "default": true
            },
            {
              "name": "man",
              "path": "/nix/store/nm26pqk8f9cfdk42x0fzdhccfhijcycd-jq-1.7.1-man",
              "default": true
            },
            {
              "name": "lib",
              "path": "/nix/store/05mw0b8ririsykj8fpc1dy9lgnnlp77i-jq-1.7.1-lib"
            },
            {
              "name": "out",
              "path": "/nix/store/2il8xa2rsv55i0a86ivm59pndqfardhc-jq-1.7.1"
            },
            {
              "name": "dev",
              "path": "/nix/store/j1rai51ycjm9y5bayrfii1y0rqldbxxv-jq-1.7.1-dev"
            },
            {
              "name": "doc",
              "path": "/nix/store/a1sscyljd5lx674lh8ab7wjlb0d03x86-jq-1.7.1-doc"
            }
          ],
          "store_path": "/nix/store/cpd390lw7hzsbvsq02d3prxjyj987ykg-jq-1.7.1-bin"
        },
        "aarch64-linux": {
          "outputs": [
            {
              "name": "bin",
              "path": "/nix/store/www2wsy5azig3si2mcvcbig36npvz8p0-jq-1.7.1-bin",
              "default": true
            },
            {
              "name": "man",
              "path": "/nix/store/f8kd7zxmlciy87xrf1j36q2rymld3a22-jq-1.7.1-man",
              "default": true
            },
            {
              "name": "dev",
              "path": "/nix/store/b8ji00dhcknd1p9afa80ydral59z6dzp-jq-1.7.1-dev"
            },
            {
              "name": "doc",
              "path": "/nix/store/xmam34cnczr17warmz692jd3dyip25aq-jq-1.7.1-doc"
            },
            {
              "name": "lib",
              "path": "/nix/store/88miljr5qkqdzlhm7ib26fws4hkz04s8-jq-1.7.1-lib"
            },
            {
              "name": "out",
              "path": "/nix/store/dkpfzwwl049kk1dwnyjacabjvszjknww-jq-1.7.1"
            }
          ],
          "store_path": "/nix/store/www2wsy5azig3si2mcvcbig36npvz8p0-jq-1.7.1-bin"
        },
        "x86_64-darwin": {
          "outputs": [
            {
              "name": "bin",
              "path": "/nix/store/7v052gsm0fs3n9bcr9hdffspq8fnq872-jq-1.7.1-bin",
              "default": true
            },
            {
              "name": "man",
              "path": "/nix/store/dfsyxb7dqxwp3n1bnrzrvbz6lkmz8wyl-jq-1.7.1-man",
              "default": true
            },
            {
              "name": "out",
              "path": "/nix/store/fni2q2wmlr64d70j0dw97zhhzmay1nm3-jq-1.7.1"
            },
            {
              "name": "dev",
              "path": "/nix/store/p0q6vmks1ql07g9hv1p63mkvbs7331xq-jq-1.7.1-dev"
            },
            {
              "name": "doc",
              "path": "/nix/store/3mj72b0gx9kz2y04pcbnfvv6sk8y4jbi-jq-1.7.1-doc"
            },
            {
              "name": "lib",
              "path": "/nix/store/j5qzf4k1c747ci0fp2wdp9xa1czkb5s5-jq-1.7.1-lib"
            }
          ],
          "store_path": "/nix/store/7v052gsm0fs3n9bcr9hdffspq8fnq872-jq-1.7.1-bin"
        },
        "x86_64-linux": {
          "outputs": [
            {
              "name": "bin",
              "path": "/nix/store/sxmad6bc8j8qgqvcc7278fjsrgm89qkc-jq-1.7.1-bin",
              "default": true
            },
            {
              "name": "man",
              "path": "/nix/store/4d9grvh3ssqdqqzycbiyh535ikbs7rg7-jq-1.7.1-man",
              "default": true
            },
            {
              "name": "dev",
              "path": "/nix/store/82ma9xbiyybcqxmcqxd625hmv4nig19r-jq-1.7.1-dev"
            },
            {
              "name": "doc",
              "path": "/nix/store/q55rnn9jh9h3r6imb07w53dyk8d9sd1l-jq-1.7.1-doc"
            },
            {
              "name": "lib",
              "path": "/nix/store/rg32apprx9b1bidimbpypjcb3j4zp0vy-jq-1.7.1-lib"
            },
            {
              "name": "out",
              "path": "/nix/store/4isj4w52vpavwfd8yj9r78dmyg4zy48y-jq-1.7.1"
            }
          ],
          "store_path": "/nix/store/sxmad6bc8j8qgqvcc7278fjsrgm89qkc-jq-1.7.1-bin"
        }
      }
    },
    "postgresql@latest": {
      "last_modified": "2024-04-27T06:29:53-04:00",
      "plugin_version": "0.0.2",
      "resolved": "github:NixOS/nixpkgs/d6f6eb2a984f2ba9a366c31e4d36d65465683450#postgresql",
      "source": "devbox-search",
      "version": "15.6",
      "systems": {
        "aarch64-darwin": {
          "outputs": [
            {
              "name": "out",
              "path": "/nix/store/p6rdsp4l4zsskjp1isabzk5wgx03jbcm-postgresql-15.6",
              "default": true
            },
            {
              "name": "man",
              "path": "/nix/store/4fnirk8fas6v4mcd3444606f6pm4ahnk-postgresql-15.6-man",
              "default": true
            },
            {
              "name": "doc",
              "path": "/nix/store/if8jnkir8vwzb0ad67kkpiyvg1v4pj48-postgresql-15.6-doc"
            },
            {
              "name": "lib",
              "path": "/nix/store/brv3m22siw1903dzcb54fdpm9rnhym2c-postgresql-15.6-lib"
            }
          ],
          "store_path": "/nix/store/p6rdsp4l4zsskjp1isabzk5wgx03jbcm-postgresql-15.6"
        },
        "aarch64-linux": {
          "outputs": [
            {
              "name": "out",
              "path": "/nix/store/c4p9zl4rndm9nk928bzkyvp1s0dnylih-postgresql-15.6",
              "default": true
            },
            {
              "name": "man",
              "path": "/nix/store/b3qkggagn62i524qgj7s1r1bddxw9n0a-postgresql-15.6-man",
              "default": true
            },
            {
              "name": "debug",
              "path": "/nix/store/3xv7ivxa60kqnbh7jxnmw9350zj2adba-postgresql-15.6-debug"
            },
            {
              "name": "doc",
              "path": "/nix/store/68kphjssv9bwnals2winm5smvnrmmclg-postgresql-15.6-doc"
            },
            {
              "name": "lib",
              "path": "/nix/store/3clj5nbm5xqbqy3gc73ic0mkvbx8kh78-postgresql-15.6-lib"
            }
          ],
          "store_path": "/nix/store/c4p9zl4rndm9nk928bzkyvp1s0dnylih-postgresql-15.6"
        },
        "x86_64-darwin": {
          "outputs": [
            {
              "name": "out",
              "path": "/nix/store/5mi45gr9l12hc6gjj3a5vh4rc684y896-postgresql-15.6",
              "default": true
            },
            {
              "name": "man",
              "path": "/nix/store/fgw3a3ssbyxrpk9hhhffnajai4vc2m8f-postgresql-15.6-man",
              "default": true
            },
            {
              "name": "doc",
              "path": "/nix/store/i07s3b1a4jr700xwky8v2vzvn98314z0-postgresql-15.6-doc"
            },
            {
              "name": "lib",
              "path": "/nix/store/wd2bcvrfhcxr14pzrvrvivz6b8akdr2i-postgresql-15.6-lib"
            }
          ],
          "store_path": "/nix/store/5mi45gr9l12hc6gjj3a5vh4rc684y896-postgresql-15.6"
        },
        "x86_64-linux": {
          "outputs": [
            {
              "name": "out",
              "path": "/nix/store/x57rfwyv6cl87dsd5894rh69cyw1d6bq-postgresql-15.6",
              "default": true
            },
            {
              "name": "man",
              "path": "/nix/store/3pvfwb6ms1py83mhnjzi8vzsh23id1wx-postgresql-15.6-man",
              "default": true
            },
            {
              "name": "debug",
              "path": "/nix/store/pshx68gnrqfpz6kpbncsxjkm1y82dfbv-postgresql-15.6-debug"
            },
            {
              "name": "doc",
              "path": "/nix/store/j0329mb6h3p4mjprgjfl4mhdspkvbzi6-postgresql-15.6-doc"
            },
            {
              "name": "lib",
              "path": "/nix/store/644gkr5795widx5xl8wl0r4bzh7baish-postgresql-15.6-lib"
            }
          ],
          "store_path": "/nix/store/x57rfwyv6cl87dsd5894rh69cyw1d6bq-postgresql-15.6"
        }
      }
    }
  }
}
